
Microsoft Visual Studio Solution File, Format Version 12.00
# Visual Studio Version 17
VisualStudioVersion = 17.9.34622.214
MinimumVisualStudioVersion = 10.0.40219.1
Project("{9A19103F-16F7-4668-BE54-9A1E7A4F7556}") = "EntryPoint", "EntryPoint\EntryPoint.csproj", "{D826FAE2-1E5F-4AD6-8371-F85B09996051}"
EndProject
Project("{9A19103F-16F7-4668-BE54-9A1E7A4F7556}") = "Compiler", "Compiler\Compiler.csproj", "{C941C349-AED6-4532-9085-1E941DFBD207}"
EndProject
Project("{9A19103F-16F7-4668-BE54-9A1E7A4F7556}") = "Parser", "Parser\Parser.csproj", "{120E41C1-60EE-4C38-B49D-DFDCF80D61AC}"
EndProject
Project("{9A19103F-16F7-4668-BE54-9A1E7A4F7556}") = "Lexer", "Lexer\Lexer.csproj", "{7C65F09E-471A-4B9A-B580-FB301D09D7DD}"
EndProject
Project("{9A19103F-16F7-4668-BE54-9A1E7A4F7556}") = "LexerTests", "LexerTests\LexerTests.csproj", "{6E7B8561-2DE0-4759-809B-A220911A72E8}"
EndProject
Project("{2150E333-8FDC-42A3-9474-1A3956D46DE8}") = "src", "src", "{349BC18E-4EC2-45B5-A076-115CA85187BE}"
EndProject
Project("{2150E333-8FDC-42A3-9474-1A3956D46DE8}") = "Tests", "Tests", "{BF74C63E-D1CD-4722-99E2-65B4FEFB3CEC}"
EndProject
Project("{9A19103F-16F7-4668-BE54-9A1E7A4F7556}") = "StateMachine", "StateMachine\StateMachine.csproj", "{554AD896-0DFE-4A87-BCBC-8696B8DAEC88}"
EndProject
Project("{9A19103F-16F7-4668-BE54-9A1E7A4F7556}") = "ParserTests", "ParserTests\ParserTests.csproj", "{BF24690C-D0A3-4834-982D-9F2DDD85D170}"
EndProject
Project("{9A19103F-16F7-4668-BE54-9A1E7A4F7556}") = "Domain", "Domain\Domain.csproj", "{FEFDEB53-EDEE-47EA-9EA0-DF0946CDAB2D}"
EndProject
Project("{9A19103F-16F7-4668-BE54-9A1E7A4F7556}") = "AMD_x86", "AMD_x86\AMD_x86.csproj", "{3777C956-41A2-4E02-8A5F-958F33B46E48}"
EndProject
Project("{9A19103F-16F7-4668-BE54-9A1E7A4F7556}") = "BufferTable", "BufferTable\BufferTable.csproj", "{99AE2420-DD19-4010-B5EE-22F144575C71}"
EndProject
Project("{9A19103F-16F7-4668-BE54-9A1E7A4F7556}") = "AMD_x86_Tests", "AMD_x86_Tests\AMD_x86_Tests.csproj", "{D4B40D4C-1696-45C5-9E4F-6CDDE58D2970}"
EndProject
Project("{FAE04EC0-301F-11D3-BF4B-00C04F79EFBC}") = "RunnerTests", "RunnerTests\RunnerTests.csproj", "{1721B2F7-61D7-4355-91FC-97802A0608CD}"
EndProject
Project("{FAE04EC0-301F-11D3-BF4B-00C04F79EFBC}") = "CORuntime", "CORuntime\CORuntime.csproj", "{3B423046-35AA-4206-B47E-3D1624060757}"
EndProject
Global
	GlobalSection(SolutionConfigurationPlatforms) = preSolution
		Debug|Any CPU = Debug|Any CPU
		Release|Any CPU = Release|Any CPU
	EndGlobalSection
	GlobalSection(ProjectConfigurationPlatforms) = postSolution
		{D826FAE2-1E5F-4AD6-8371-F85B09996051}.Debug|Any CPU.ActiveCfg = Debug|Any CPU
		{D826FAE2-1E5F-4AD6-8371-F85B09996051}.Debug|Any CPU.Build.0 = Debug|Any CPU
		{D826FAE2-1E5F-4AD6-8371-F85B09996051}.Release|Any CPU.ActiveCfg = Release|Any CPU
		{D826FAE2-1E5F-4AD6-8371-F85B09996051}.Release|Any CPU.Build.0 = Release|Any CPU
		{C941C349-AED6-4532-9085-1E941DFBD207}.Debug|Any CPU.ActiveCfg = Debug|Any CPU
		{C941C349-AED6-4532-9085-1E941DFBD207}.Debug|Any CPU.Build.0 = Debug|Any CPU
		{C941C349-AED6-4532-9085-1E941DFBD207}.Release|Any CPU.ActiveCfg = Release|Any CPU
		{C941C349-AED6-4532-9085-1E941DFBD207}.Release|Any CPU.Build.0 = Release|Any CPU
		{120E41C1-60EE-4C38-B49D-DFDCF80D61AC}.Debug|Any CPU.ActiveCfg = Debug|Any CPU
		{120E41C1-60EE-4C38-B49D-DFDCF80D61AC}.Debug|Any CPU.Build.0 = Debug|Any CPU
		{120E41C1-60EE-4C38-B49D-DFDCF80D61AC}.Release|Any CPU.ActiveCfg = Release|Any CPU
		{120E41C1-60EE-4C38-B49D-DFDCF80D61AC}.Release|Any CPU.Build.0 = Release|Any CPU
		{7C65F09E-471A-4B9A-B580-FB301D09D7DD}.Debug|Any CPU.ActiveCfg = Debug|Any CPU
		{7C65F09E-471A-4B9A-B580-FB301D09D7DD}.Debug|Any CPU.Build.0 = Debug|Any CPU
		{7C65F09E-471A-4B9A-B580-FB301D09D7DD}.Release|Any CPU.ActiveCfg = Release|Any CPU
		{7C65F09E-471A-4B9A-B580-FB301D09D7DD}.Release|Any CPU.Build.0 = Release|Any CPU
		{6E7B8561-2DE0-4759-809B-A220911A72E8}.Debug|Any CPU.ActiveCfg = Debug|Any CPU
		{6E7B8561-2DE0-4759-809B-A220911A72E8}.Debug|Any CPU.Build.0 = Debug|Any CPU
		{6E7B8561-2DE0-4759-809B-A220911A72E8}.Release|Any CPU.ActiveCfg = Release|Any CPU
		{6E7B8561-2DE0-4759-809B-A220911A72E8}.Release|Any CPU.Build.0 = Release|Any CPU
		{554AD896-0DFE-4A87-BCBC-8696B8DAEC88}.Debug|Any CPU.ActiveCfg = Debug|Any CPU
		{554AD896-0DFE-4A87-BCBC-8696B8DAEC88}.Debug|Any CPU.Build.0 = Debug|Any CPU
		{554AD896-0DFE-4A87-BCBC-8696B8DAEC88}.Release|Any CPU.ActiveCfg = Release|Any CPU
		{554AD896-0DFE-4A87-BCBC-8696B8DAEC88}.Release|Any CPU.Build.0 = Release|Any CPU
		{BF24690C-D0A3-4834-982D-9F2DDD85D170}.Debug|Any CPU.ActiveCfg = Debug|Any CPU
		{BF24690C-D0A3-4834-982D-9F2DDD85D170}.Debug|Any CPU.Build.0 = Debug|Any CPU
		{BF24690C-D0A3-4834-982D-9F2DDD85D170}.Release|Any CPU.ActiveCfg = Release|Any CPU
		{BF24690C-D0A3-4834-982D-9F2DDD85D170}.Release|Any CPU.Build.0 = Release|Any CPU
		{FEFDEB53-EDEE-47EA-9EA0-DF0946CDAB2D}.Debug|Any CPU.ActiveCfg = Debug|Any CPU
		{FEFDEB53-EDEE-47EA-9EA0-DF0946CDAB2D}.Debug|Any CPU.Build.0 = Debug|Any CPU
		{FEFDEB53-EDEE-47EA-9EA0-DF0946CDAB2D}.Release|Any CPU.ActiveCfg = Release|Any CPU
		{FEFDEB53-EDEE-47EA-9EA0-DF0946CDAB2D}.Release|Any CPU.Build.0 = Release|Any CPU
		{3777C956-41A2-4E02-8A5F-958F33B46E48}.Debug|Any CPU.ActiveCfg = Debug|Any CPU
		{3777C956-41A2-4E02-8A5F-958F33B46E48}.Debug|Any CPU.Build.0 = Debug|Any CPU
		{3777C956-41A2-4E02-8A5F-958F33B46E48}.Release|Any CPU.ActiveCfg = Release|Any CPU
		{3777C956-41A2-4E02-8A5F-958F33B46E48}.Release|Any CPU.Build.0 = Release|Any CPU
		{99AE2420-DD19-4010-B5EE-22F144575C71}.Debug|Any CPU.ActiveCfg = Debug|Any CPU
		{99AE2420-DD19-4010-B5EE-22F144575C71}.Debug|Any CPU.Build.0 = Debug|Any CPU
		{99AE2420-DD19-4010-B5EE-22F144575C71}.Release|Any CPU.ActiveCfg = Release|Any CPU
		{99AE2420-DD19-4010-B5EE-22F144575C71}.Release|Any CPU.Build.0 = Release|Any CPU
		{D4B40D4C-1696-45C5-9E4F-6CDDE58D2970}.Debug|Any CPU.ActiveCfg = Debug|Any CPU
		{D4B40D4C-1696-45C5-9E4F-6CDDE58D2970}.Debug|Any CPU.Build.0 = Debug|Any CPU
		{D4B40D4C-1696-45C5-9E4F-6CDDE58D2970}.Release|Any CPU.ActiveCfg = Release|Any CPU
		{D4B40D4C-1696-45C5-9E4F-6CDDE58D2970}.Release|Any CPU.Build.0 = Release|Any CPU
		{1721B2F7-61D7-4355-91FC-97802A0608CD}.Debug|Any CPU.ActiveCfg = Debug|Any CPU
		{1721B2F7-61D7-4355-91FC-97802A0608CD}.Debug|Any CPU.Build.0 = Debug|Any CPU
		{1721B2F7-61D7-4355-91FC-97802A0608CD}.Release|Any CPU.ActiveCfg = Release|Any CPU
		{1721B2F7-61D7-4355-91FC-97802A0608CD}.Release|Any CPU.Build.0 = Release|Any CPU
		{3B423046-35AA-4206-B47E-3D1624060757}.Debug|Any CPU.ActiveCfg = Debug|Any CPU
		{3B423046-35AA-4206-B47E-3D1624060757}.Debug|Any CPU.Build.0 = Debug|Any CPU
		{3B423046-35AA-4206-B47E-3D1624060757}.Release|Any CPU.ActiveCfg = Release|Any CPU
		{3B423046-35AA-4206-B47E-3D1624060757}.Release|Any CPU.Build.0 = Release|Any CPU
	EndGlobalSection
	GlobalSection(SolutionProperties) = preSolution
		HideSolutionNode = FALSE
	EndGlobalSection
	GlobalSection(NestedProjects) = preSolution
		{D826FAE2-1E5F-4AD6-8371-F85B09996051} = {349BC18E-4EC2-45B5-A076-115CA85187BE}
		{C941C349-AED6-4532-9085-1E941DFBD207} = {349BC18E-4EC2-45B5-A076-115CA85187BE}
		{120E41C1-60EE-4C38-B49D-DFDCF80D61AC} = {349BC18E-4EC2-45B5-A076-115CA85187BE}
		{7C65F09E-471A-4B9A-B580-FB301D09D7DD} = {349BC18E-4EC2-45B5-A076-115CA85187BE}
		{6E7B8561-2DE0-4759-809B-A220911A72E8} = {BF74C63E-D1CD-4722-99E2-65B4FEFB3CEC}
		{554AD896-0DFE-4A87-BCBC-8696B8DAEC88} = {349BC18E-4EC2-45B5-A076-115CA85187BE}
		{BF24690C-D0A3-4834-982D-9F2DDD85D170} = {BF74C63E-D1CD-4722-99E2-65B4FEFB3CEC}
		{FEFDEB53-EDEE-47EA-9EA0-DF0946CDAB2D} = {349BC18E-4EC2-45B5-A076-115CA85187BE}
		{3777C956-41A2-4E02-8A5F-958F33B46E48} = {349BC18E-4EC2-45B5-A076-115CA85187BE}
		{99AE2420-DD19-4010-B5EE-22F144575C71} = {349BC18E-4EC2-45B5-A076-115CA85187BE}
		{D4B40D4C-1696-45C5-9E4F-6CDDE58D2970} = {BF74C63E-D1CD-4722-99E2-65B4FEFB3CEC}
		{1721B2F7-61D7-4355-91FC-97802A0608CD} = {BF74C63E-D1CD-4722-99E2-65B4FEFB3CEC}
		{3B423046-35AA-4206-B47E-3D1624060757} = {349BC18E-4EC2-45B5-A076-115CA85187BE}
	EndGlobalSection
	GlobalSection(ExtensibilityGlobals) = postSolution
		SolutionGuid = {1F6BF784-C140-4054-8391-2573D98E38D1}
	EndGlobalSection
EndGlobal
